
Microsoft Visual Studio Solution File, Format Version 12.00
# Visual Studio Version 17
VisualStudioVersion = 17.5.002.0
MinimumVisualStudioVersion = 10.0.40219.1
Project("{9A19103F-16F7-4668-BE54-9A1E7A4F7556}") = "Identity", "Identity.csproj", "{A6889581-A133-4F6C-ABE8-A562830067AD}"
EndProject
Global
	GlobalSection(SolutionConfigurationPlatforms) = preSolution
		Debug|Any CPU = Debug|Any CPU
		Release|Any CPU = Release|Any CPU
	EndGlobalSection
	GlobalSection(ProjectConfigurationPlatforms) = postSolution
		{A6889581-A133-4F6C-ABE8-A562830067AD}.Debug|Any CPU.ActiveCfg = Debug|Any CPU
		{A6889581-A133-4F6C-ABE8-A562830067AD}.Debug|Any CPU.Build.0 = Debug|Any CPU
		{A6889581-A133-4F6C-ABE8-A562830067AD}.Release|Any CPU.ActiveCfg = Release|Any CPU
		{A6889581-A133-4F6C-ABE8-A562830067AD}.Release|Any CPU.Build.0 = Release|Any CPU
	EndGlobalSection
	GlobalSection(SolutionProperties) = preSolution
		HideSolutionNode = FALSE
	EndGlobalSection
	GlobalSection(ExtensibilityGlobals) = postSolution
		SolutionGuid = {A534858A-311A-4AEB-B223-DA7B71A42217}
	EndGlobalSection
EndGlobal
